
Microsoft Visual Studio Solution File, Format Version 12.00
# Visual Studio Version 17
VisualStudioVersion = 17.0.31903.59
MinimumVisualStudioVersion = 10.0.40219.1
Project("{FAE04EC0-301F-11D3-BF4B-00C04F79EFBC}") = "Domain", "Domain\Domain.csproj", "{F62AFAA6-4C60-401A-8DA0-FAF8E4BD1900}"
EndProject
Project("{FAE04EC0-301F-11D3-BF4B-00C04F79EFBC}") = "Integrations", "Integrations\Integrations.csproj", "{E4A723EC-3B71-4B2F-A074-629943602960}"
EndProject
Project("{FAE04EC0-301F-11D3-BF4B-00C04F79EFBC}") = "Application", "Application\Application.csproj", "{098957CF-83EF-44D5-871C-31BB05E6214B}"
EndProject
Project("{FAE04EC0-301F-11D3-BF4B-00C04F79EFBC}") = "Pokemons.Console", "Pokemons.Console\Pokemons.Console.csproj", "{9741D4A9-4B7C-494A-BEE0-3BC0BA033E96}"
EndProject
Global
	GlobalSection(SolutionConfigurationPlatforms) = preSolution
		Debug|Any CPU = Debug|Any CPU
		Release|Any CPU = Release|Any CPU
	EndGlobalSection
	GlobalSection(SolutionProperties) = preSolution
		HideSolutionNode = FALSE
	EndGlobalSection
	GlobalSection(ProjectConfigurationPlatforms) = postSolution
		{F62AFAA6-4C60-401A-8DA0-FAF8E4BD1900}.Debug|Any CPU.ActiveCfg = Debug|Any CPU
		{F62AFAA6-4C60-401A-8DA0-FAF8E4BD1900}.Debug|Any CPU.Build.0 = Debug|Any CPU
		{F62AFAA6-4C60-401A-8DA0-FAF8E4BD1900}.Release|Any CPU.ActiveCfg = Release|Any CPU
		{F62AFAA6-4C60-401A-8DA0-FAF8E4BD1900}.Release|Any CPU.Build.0 = Release|Any CPU
		{E4A723EC-3B71-4B2F-A074-629943602960}.Debug|Any CPU.ActiveCfg = Debug|Any CPU
		{E4A723EC-3B71-4B2F-A074-629943602960}.Debug|Any CPU.Build.0 = Debug|Any CPU
		{E4A723EC-3B71-4B2F-A074-629943602960}.Release|Any CPU.ActiveCfg = Release|Any CPU
		{E4A723EC-3B71-4B2F-A074-629943602960}.Release|Any CPU.Build.0 = Release|Any CPU
		{098957CF-83EF-44D5-871C-31BB05E6214B}.Debug|Any CPU.ActiveCfg = Debug|Any CPU
		{098957CF-83EF-44D5-871C-31BB05E6214B}.Debug|Any CPU.Build.0 = Debug|Any CPU
		{098957CF-83EF-44D5-871C-31BB05E6214B}.Release|Any CPU.ActiveCfg = Release|Any CPU
		{098957CF-83EF-44D5-871C-31BB05E6214B}.Release|Any CPU.Build.0 = Release|Any CPU
		{9741D4A9-4B7C-494A-BEE0-3BC0BA033E96}.Debug|Any CPU.ActiveCfg = Debug|Any CPU
		{9741D4A9-4B7C-494A-BEE0-3BC0BA033E96}.Debug|Any CPU.Build.0 = Debug|Any CPU
		{9741D4A9-4B7C-494A-BEE0-3BC0BA033E96}.Release|Any CPU.ActiveCfg = Release|Any CPU
		{9741D4A9-4B7C-494A-BEE0-3BC0BA033E96}.Release|Any CPU.Build.0 = Release|Any CPU
	EndGlobalSection
EndGlobal
